
Microsoft Visual Studio Solution File, Format Version 12.00
# Visual Studio Version 17
VisualStudioVersion = 17.3.32819.101
MinimumVisualStudioVersion = 10.0.40219.1
Project("{9A19103F-16F7-4668-BE54-9A1E7A4F7556}") = "KeyWord.Crypto", "KeyWord.Crypto\KeyWord.Crypto.csproj", "{23364670-AA1D-4DC8-B4F5-07D88C39F52D}"
EndProject
Project("{9A19103F-16F7-4668-BE54-9A1E7A4F7556}") = "KeyWord.Crypto.Tests", "KeyWord.Crypto.Tests\KeyWord.Crypto.Tests.csproj", "{34406C7A-C9CC-43BC-8E36-E17F8A320BDD}"
EndProject
Project("{9A19103F-16F7-4668-BE54-9A1E7A4F7556}") = "KeyWord.Credentials", "KeyWord.Credentials\KeyWord.Credentials.csproj", "{DF562782-AEF8-48E8-A1D1-52687B689C20}"
EndProject
Project("{9A19103F-16F7-4668-BE54-9A1E7A4F7556}") = "KeyWord.Client.Storage", "KeyWord.Client.Storage\KeyWord.Client.Storage.csproj", "{9D6BE6F9-E045-4465-8C5A-01BC9486D2CA}"
EndProject
Project("{9A19103F-16F7-4668-BE54-9A1E7A4F7556}") = "KeyWord.Credentials.Test", "KeyWord.Credentials.Test\KeyWord.Credentials.Test.csproj", "{67527685-2847-4CC0-BCC1-AF68D38DD2E6}"
EndProject
Project("{9A19103F-16F7-4668-BE54-9A1E7A4F7556}") = "KeyWord.Client.Storage.Mobile", "KeyWord.Client.Storage.Mobile\KeyWord.Client.Storage.Mobile.csproj", "{D998D633-FD51-41E9-8019-858B264154CC}"
EndProject
Project("{9A19103F-16F7-4668-BE54-9A1E7A4F7556}") = "KeyWord.Client.Storage.Mobile.Tests", "KeyWord.Client.Storage.Mobile.Tests\KeyWord.Client.Storage.Mobile.Tests.csproj", "{ABE6A6A7-4E1C-46CB-B41E-7D229E1AD11A}"
EndProject
Project("{2150E333-8FDC-42A3-9474-1A3956D46DE8}") = "Client", "Client", "{95CE3ACA-8B17-40F4-A319-39DA79A0FE68}"
EndProject
Project("{2150E333-8FDC-42A3-9474-1A3956D46DE8}") = "Shared", "Shared", "{B1AF95A4-4BA4-46A7-AC27-E668D11D8826}"
EndProject
Project("{2150E333-8FDC-42A3-9474-1A3956D46DE8}") = "Server", "Server", "{F66ABFCF-43C1-4486-84C1-3931B6E62360}"
EndProject
Project("{9A19103F-16F7-4668-BE54-9A1E7A4F7556}") = "KeyWord.Server.Storage", "KeyWord.Server.Storage\KeyWord.Server.Storage.csproj", "{E0C2FEDF-BB6A-4065-9086-7121E54BE430}"
EndProject
Project("{9A19103F-16F7-4668-BE54-9A1E7A4F7556}") = "KeyWord.Server", "KeyWord.Server\KeyWord.Server.csproj", "{957BDBD4-14AA-4548-87BA-C99DEE3EEA2C}"
EndProject
Project("{9A19103F-16F7-4668-BE54-9A1E7A4F7556}") = "KeyWord.Communication", "KeyWord.Communication\KeyWord.Communication.csproj", "{DFF6E24A-5DCB-460E-A932-958D0347B8CF}"
EndProject
Project("{9A19103F-16F7-4668-BE54-9A1E7A4F7556}") = "KeyWord.Server.Tests", "KeyWord.Server.Tests\KeyWord.Server.Tests.csproj", "{6791BEA9-8842-429E-8060-3F21C80ACEC0}"
EndProject
Project("{9A19103F-16F7-4668-BE54-9A1E7A4F7556}") = "KeyWord.Client.Application", "KeyWord.Client.Application\KeyWord.Client.Application.csproj", "{64861AFF-0C14-442C-A032-957CC16C5C12}"
EndProject
Project("{9A19103F-16F7-4668-BE54-9A1E7A4F7556}") = "KeyWord.Client.Services", "KeyWord.Client.Services\KeyWord.Client.Services.csproj", "{C538E026-0950-40F8-B6EB-DF4B3AF3375A}"
EndProject
Project("{2150E333-8FDC-42A3-9474-1A3956D46DE8}") = "Admin", "Admin", "{F536E843-147A-4107-81A4-3CD12FD8DE5B}"
EndProject
Project("{9A19103F-16F7-4668-BE54-9A1E7A4F7556}") = "KeyWord.Admin.Services", "KeyWord.Admin.Services\KeyWord.Admin.Services.csproj", "{B3AF4251-BC3A-4B36-957B-29E1E8A5CF1D}"
EndProject
Project("{9A19103F-16F7-4668-BE54-9A1E7A4F7556}") = "KeyWord.IntegrationTests", "KeyWord.IntegrationTests\KeyWord.IntegrationTests.csproj", "{B748D919-6048-495D-A4F4-BDB8333AA7BF}"
EndProject
Project("{9A19103F-16F7-4668-BE54-9A1E7A4F7556}") = "KeyWord.Admin.Application", "KeyWord.Admin.Application\KeyWord.Admin.Application.csproj", "{06E09D47-BF0B-45FA-9D46-C80D059271CC}"
EndProject
Global
	GlobalSection(SolutionConfigurationPlatforms) = preSolution
		Debug|Any CPU = Debug|Any CPU
		Release|Any CPU = Release|Any CPU
	EndGlobalSection
	GlobalSection(ProjectConfigurationPlatforms) = postSolution
		{23364670-AA1D-4DC8-B4F5-07D88C39F52D}.Debug|Any CPU.ActiveCfg = Debug|Any CPU
		{23364670-AA1D-4DC8-B4F5-07D88C39F52D}.Debug|Any CPU.Build.0 = Debug|Any CPU
		{23364670-AA1D-4DC8-B4F5-07D88C39F52D}.Release|Any CPU.ActiveCfg = Release|Any CPU
		{23364670-AA1D-4DC8-B4F5-07D88C39F52D}.Release|Any CPU.Build.0 = Release|Any CPU
		{34406C7A-C9CC-43BC-8E36-E17F8A320BDD}.Debug|Any CPU.ActiveCfg = Debug|Any CPU
		{34406C7A-C9CC-43BC-8E36-E17F8A320BDD}.Debug|Any CPU.Build.0 = Debug|Any CPU
		{34406C7A-C9CC-43BC-8E36-E17F8A320BDD}.Release|Any CPU.ActiveCfg = Release|Any CPU
		{34406C7A-C9CC-43BC-8E36-E17F8A320BDD}.Release|Any CPU.Build.0 = Release|Any CPU
		{DF562782-AEF8-48E8-A1D1-52687B689C20}.Debug|Any CPU.ActiveCfg = Debug|Any CPU
		{DF562782-AEF8-48E8-A1D1-52687B689C20}.Debug|Any CPU.Build.0 = Debug|Any CPU
		{DF562782-AEF8-48E8-A1D1-52687B689C20}.Release|Any CPU.ActiveCfg = Release|Any CPU
		{DF562782-AEF8-48E8-A1D1-52687B689C20}.Release|Any CPU.Build.0 = Release|Any CPU
		{9D6BE6F9-E045-4465-8C5A-01BC9486D2CA}.Debug|Any CPU.ActiveCfg = Debug|Any CPU
		{9D6BE6F9-E045-4465-8C5A-01BC9486D2CA}.Debug|Any CPU.Build.0 = Debug|Any CPU
		{9D6BE6F9-E045-4465-8C5A-01BC9486D2CA}.Release|Any CPU.ActiveCfg = Release|Any CPU
		{9D6BE6F9-E045-4465-8C5A-01BC9486D2CA}.Release|Any CPU.Build.0 = Release|Any CPU
		{67527685-2847-4CC0-BCC1-AF68D38DD2E6}.Debug|Any CPU.ActiveCfg = Debug|Any CPU
		{67527685-2847-4CC0-BCC1-AF68D38DD2E6}.Debug|Any CPU.Build.0 = Debug|Any CPU
		{67527685-2847-4CC0-BCC1-AF68D38DD2E6}.Release|Any CPU.ActiveCfg = Release|Any CPU
		{67527685-2847-4CC0-BCC1-AF68D38DD2E6}.Release|Any CPU.Build.0 = Release|Any CPU
		{D998D633-FD51-41E9-8019-858B264154CC}.Debug|Any CPU.ActiveCfg = Debug|Any CPU
		{D998D633-FD51-41E9-8019-858B264154CC}.Debug|Any CPU.Build.0 = Debug|Any CPU
		{D998D633-FD51-41E9-8019-858B264154CC}.Release|Any CPU.ActiveCfg = Release|Any CPU
		{D998D633-FD51-41E9-8019-858B264154CC}.Release|Any CPU.Build.0 = Release|Any CPU
		{ABE6A6A7-4E1C-46CB-B41E-7D229E1AD11A}.Debug|Any CPU.ActiveCfg = Debug|Any CPU
		{ABE6A6A7-4E1C-46CB-B41E-7D229E1AD11A}.Debug|Any CPU.Build.0 = Debug|Any CPU
		{ABE6A6A7-4E1C-46CB-B41E-7D229E1AD11A}.Release|Any CPU.ActiveCfg = Release|Any CPU
		{ABE6A6A7-4E1C-46CB-B41E-7D229E1AD11A}.Release|Any CPU.Build.0 = Release|Any CPU
		{E0C2FEDF-BB6A-4065-9086-7121E54BE430}.Debug|Any CPU.ActiveCfg = Debug|Any CPU
		{E0C2FEDF-BB6A-4065-9086-7121E54BE430}.Debug|Any CPU.Build.0 = Debug|Any CPU
		{E0C2FEDF-BB6A-4065-9086-7121E54BE430}.Release|Any CPU.ActiveCfg = Release|Any CPU
		{E0C2FEDF-BB6A-4065-9086-7121E54BE430}.Release|Any CPU.Build.0 = Release|Any CPU
		{957BDBD4-14AA-4548-87BA-C99DEE3EEA2C}.Debug|Any CPU.ActiveCfg = Debug|Any CPU
		{957BDBD4-14AA-4548-87BA-C99DEE3EEA2C}.Debug|Any CPU.Build.0 = Debug|Any CPU
		{957BDBD4-14AA-4548-87BA-C99DEE3EEA2C}.Release|Any CPU.ActiveCfg = Release|Any CPU
		{957BDBD4-14AA-4548-87BA-C99DEE3EEA2C}.Release|Any CPU.Build.0 = Release|Any CPU
		{DFF6E24A-5DCB-460E-A932-958D0347B8CF}.Debug|Any CPU.ActiveCfg = Debug|Any CPU
		{DFF6E24A-5DCB-460E-A932-958D0347B8CF}.Debug|Any CPU.Build.0 = Debug|Any CPU
		{DFF6E24A-5DCB-460E-A932-958D0347B8CF}.Release|Any CPU.ActiveCfg = Release|Any CPU
		{DFF6E24A-5DCB-460E-A932-958D0347B8CF}.Release|Any CPU.Build.0 = Release|Any CPU
		{6791BEA9-8842-429E-8060-3F21C80ACEC0}.Debug|Any CPU.ActiveCfg = Debug|Any CPU
		{6791BEA9-8842-429E-8060-3F21C80ACEC0}.Debug|Any CPU.Build.0 = Debug|Any CPU
		{6791BEA9-8842-429E-8060-3F21C80ACEC0}.Release|Any CPU.ActiveCfg = Release|Any CPU
		{6791BEA9-8842-429E-8060-3F21C80ACEC0}.Release|Any CPU.Build.0 = Release|Any CPU
		{64861AFF-0C14-442C-A032-957CC16C5C12}.Debug|Any CPU.ActiveCfg = Debug|Any CPU
		{64861AFF-0C14-442C-A032-957CC16C5C12}.Debug|Any CPU.Build.0 = Debug|Any CPU
		{64861AFF-0C14-442C-A032-957CC16C5C12}.Debug|Any CPU.Deploy.0 = Debug|Any CPU
		{64861AFF-0C14-442C-A032-957CC16C5C12}.Release|Any CPU.ActiveCfg = Release|Any CPU
		{64861AFF-0C14-442C-A032-957CC16C5C12}.Release|Any CPU.Build.0 = Release|Any CPU
		{64861AFF-0C14-442C-A032-957CC16C5C12}.Release|Any CPU.Deploy.0 = Release|Any CPU
		{C538E026-0950-40F8-B6EB-DF4B3AF3375A}.Debug|Any CPU.ActiveCfg = Debug|Any CPU
		{C538E026-0950-40F8-B6EB-DF4B3AF3375A}.Debug|Any CPU.Build.0 = Debug|Any CPU
		{C538E026-0950-40F8-B6EB-DF4B3AF3375A}.Release|Any CPU.ActiveCfg = Release|Any CPU
		{C538E026-0950-40F8-B6EB-DF4B3AF3375A}.Release|Any CPU.Build.0 = Release|Any CPU
		{B3AF4251-BC3A-4B36-957B-29E1E8A5CF1D}.Debug|Any CPU.ActiveCfg = Debug|Any CPU
		{B3AF4251-BC3A-4B36-957B-29E1E8A5CF1D}.Debug|Any CPU.Build.0 = Debug|Any CPU
		{B3AF4251-BC3A-4B36-957B-29E1E8A5CF1D}.Release|Any CPU.ActiveCfg = Release|Any CPU
		{B3AF4251-BC3A-4B36-957B-29E1E8A5CF1D}.Release|Any CPU.Build.0 = Release|Any CPU
		{B748D919-6048-495D-A4F4-BDB8333AA7BF}.Debug|Any CPU.ActiveCfg = Debug|Any CPU
		{B748D919-6048-495D-A4F4-BDB8333AA7BF}.Debug|Any CPU.Build.0 = Debug|Any CPU
		{B748D919-6048-495D-A4F4-BDB8333AA7BF}.Release|Any CPU.ActiveCfg = Release|Any CPU
		{B748D919-6048-495D-A4F4-BDB8333AA7BF}.Release|Any CPU.Build.0 = Release|Any CPU
		{06E09D47-BF0B-45FA-9D46-C80D059271CC}.Debug|Any CPU.ActiveCfg = Debug|Any CPU
		{06E09D47-BF0B-45FA-9D46-C80D059271CC}.Debug|Any CPU.Build.0 = Debug|Any CPU
		{06E09D47-BF0B-45FA-9D46-C80D059271CC}.Debug|Any CPU.Deploy.0 = Debug|Any CPU
		{06E09D47-BF0B-45FA-9D46-C80D059271CC}.Release|Any CPU.ActiveCfg = Release|Any CPU
		{06E09D47-BF0B-45FA-9D46-C80D059271CC}.Release|Any CPU.Build.0 = Release|Any CPU
	EndGlobalSection
	GlobalSection(SolutionProperties) = preSolution
		HideSolutionNode = FALSE
	EndGlobalSection
	GlobalSection(NestedProjects) = preSolution
		{23364670-AA1D-4DC8-B4F5-07D88C39F52D} = {B1AF95A4-4BA4-46A7-AC27-E668D11D8826}
		{34406C7A-C9CC-43BC-8E36-E17F8A320BDD} = {B1AF95A4-4BA4-46A7-AC27-E668D11D8826}
		{DF562782-AEF8-48E8-A1D1-52687B689C20} = {B1AF95A4-4BA4-46A7-AC27-E668D11D8826}
		{9D6BE6F9-E045-4465-8C5A-01BC9486D2CA} = {95CE3ACA-8B17-40F4-A319-39DA79A0FE68}
		{67527685-2847-4CC0-BCC1-AF68D38DD2E6} = {B1AF95A4-4BA4-46A7-AC27-E668D11D8826}
		{D998D633-FD51-41E9-8019-858B264154CC} = {95CE3ACA-8B17-40F4-A319-39DA79A0FE68}
		{ABE6A6A7-4E1C-46CB-B41E-7D229E1AD11A} = {95CE3ACA-8B17-40F4-A319-39DA79A0FE68}
		{E0C2FEDF-BB6A-4065-9086-7121E54BE430} = {F66ABFCF-43C1-4486-84C1-3931B6E62360}
		{957BDBD4-14AA-4548-87BA-C99DEE3EEA2C} = {F66ABFCF-43C1-4486-84C1-3931B6E62360}
		{DFF6E24A-5DCB-460E-A932-958D0347B8CF} = {B1AF95A4-4BA4-46A7-AC27-E668D11D8826}
		{6791BEA9-8842-429E-8060-3F21C80ACEC0} = {F66ABFCF-43C1-4486-84C1-3931B6E62360}
		{64861AFF-0C14-442C-A032-957CC16C5C12} = {95CE3ACA-8B17-40F4-A319-39DA79A0FE68}
		{C538E026-0950-40F8-B6EB-DF4B3AF3375A} = {95CE3ACA-8B17-40F4-A319-39DA79A0FE68}
		{B3AF4251-BC3A-4B36-957B-29E1E8A5CF1D} = {F536E843-147A-4107-81A4-3CD12FD8DE5B}
		{06E09D47-BF0B-45FA-9D46-C80D059271CC} = {F536E843-147A-4107-81A4-3CD12FD8DE5B}
	EndGlobalSection
	GlobalSection(ExtensibilityGlobals) = postSolution
		SolutionGuid = {9AD8031A-5F68-4060-B7B9-D224DA9DC619}
	EndGlobalSection
EndGlobal
